Microsoft Visual Studio Solution File, Format Version 11.00
# Visual Studio 2008

Project("{5C197BD8-D6FF-3A08-5B9F-29543CCAEFC6}") = "KinectSpellingGame", "Assembly-CSharp-firstpass.csproj", "{38A8DAA8-C819-A231-59CC-6A6228A5FACB}"
EndProject
Project("{5C197BD8-D6FF-3A08-5B9F-29543CCAEFC6}") = "KinectSpellingGame", "Assembly-CSharp.csproj", "{930F204D-A66E-5D48-C3FD-0A738099DC38}"
EndProject
Project("{5C197BD8-D6FF-3A08-5B9F-29543CCAEFC6}") = "KinectSpellingGame", "Assembly-CSharp-Editor-firstpass.csproj", "{0D051D53-FA25-680A-1830-F3A5217456DC}"
EndProject
Global
	GlobalSection(SolutionConfigurationPlatforms) = preSolution
		Debug|Any CPU = Debug|Any CPU
		Release|Any CPU = Release|Any CPU
	EndGlobalSection
	GlobalSection(ProjectConfigurationPlatforms) = postSolution
		{38A8DAA8-C819-A231-59CC-6A6228A5FACB}.Debug|Any CPU.ActiveCfg = Debug|Any CPU
		{38A8DAA8-C819-A231-59CC-6A6228A5FACB}.Debug|Any CPU.Build.0 = Debug|Any CPU
		{38A8DAA8-C819-A231-59CC-6A6228A5FACB}.Release|Any CPU.ActiveCfg = Release|Any CPU
		{38A8DAA8-C819-A231-59CC-6A6228A5FACB}.Release|Any CPU.Build.0 = Release|Any CPU
		{930F204D-A66E-5D48-C3FD-0A738099DC38}.Debug|Any CPU.ActiveCfg = Debug|Any CPU
		{930F204D-A66E-5D48-C3FD-0A738099DC38}.Debug|Any CPU.Build.0 = Debug|Any CPU
		{930F204D-A66E-5D48-C3FD-0A738099DC38}.Release|Any CPU.ActiveCfg = Release|Any CPU
		{930F204D-A66E-5D48-C3FD-0A738099DC38}.Release|Any CPU.Build.0 = Release|Any CPU
		{0D051D53-FA25-680A-1830-F3A5217456DC}.Debug|Any CPU.ActiveCfg = Debug|Any CPU
		{0D051D53-FA25-680A-1830-F3A5217456DC}.Debug|Any CPU.Build.0 = Debug|Any CPU
		{0D051D53-FA25-680A-1830-F3A5217456DC}.Release|Any CPU.ActiveCfg = Release|Any CPU
		{0D051D53-FA25-680A-1830-F3A5217456DC}.Release|Any CPU.Build.0 = Release|Any CPU
	EndGlobalSection
	GlobalSection(SolutionProperties) = preSolution
		HideSolutionNode = FALSE
	EndGlobalSection
	GlobalSection(MonoDevelopProperties) = preSolution
		StartupItem = Assembly-CSharp.csproj
	EndGlobalSection
EndGlobal
