
Microsoft Visual Studio Solution File, Format Version 12.00
# Visual Studio 2015
Project("{FAE04EC0-301F-11D3-BF4B-00C04F79EFBC}") = "KinectSpellingGame.CSharp.Plugins", "KinectSpellingGame.CSharp.Plugins.csproj", "{B74E6899-C496-A546-49A3-1E59859373F2}"
EndProject
Project("{FAE04EC0-301F-11D3-BF4B-00C04F79EFBC}") = "KinectSpellingGame.CSharp", "KinectSpellingGame.CSharp.csproj", "{86A5953A-1DBC-8F65-1AD1-92125D116CB4}"
EndProject
Project("{FAE04EC0-301F-11D3-BF4B-00C04F79EFBC}") = "KinectSpellingGame.CSharp.Editor.Plugins", "KinectSpellingGame.CSharp.Editor.Plugins.csproj", "{2A25727B-FADA-13CA-E750-30D97A87D74B}"
EndProject
Global
	GlobalSection(SolutionConfigurationPlatforms) = preSolution
		Debug|Any CPU = Debug|Any CPU
		Release|Any CPU = Release|Any CPU
	EndGlobalSection
	GlobalSection(ProjectConfigurationPlatforms) = postSolution
		{B74E6899-C496-A546-49A3-1E59859373F2}.Debug|Any CPU.ActiveCfg = Debug|Any CPU
		{B74E6899-C496-A546-49A3-1E59859373F2}.Debug|Any CPU.Build.0 = Debug|Any CPU
		{B74E6899-C496-A546-49A3-1E59859373F2}.Release|Any CPU.ActiveCfg = Release|Any CPU
		{B74E6899-C496-A546-49A3-1E59859373F2}.Release|Any CPU.Build.0 = Release|Any CPU
		{86A5953A-1DBC-8F65-1AD1-92125D116CB4}.Debug|Any CPU.ActiveCfg = Debug|Any CPU
		{86A5953A-1DBC-8F65-1AD1-92125D116CB4}.Debug|Any CPU.Build.0 = Debug|Any CPU
		{86A5953A-1DBC-8F65-1AD1-92125D116CB4}.Release|Any CPU.ActiveCfg = Release|Any CPU
		{86A5953A-1DBC-8F65-1AD1-92125D116CB4}.Release|Any CPU.Build.0 = Release|Any CPU
		{2A25727B-FADA-13CA-E750-30D97A87D74B}.Debug|Any CPU.ActiveCfg = Debug|Any CPU
		{2A25727B-FADA-13CA-E750-30D97A87D74B}.Debug|Any CPU.Build.0 = Debug|Any CPU
		{2A25727B-FADA-13CA-E750-30D97A87D74B}.Release|Any CPU.ActiveCfg = Release|Any CPU
		{2A25727B-FADA-13CA-E750-30D97A87D74B}.Release|Any CPU.Build.0 = Release|Any CPU
	EndGlobalSection
	GlobalSection(SolutionProperties) = preSolution
		HideSolutionNode = FALSE
	EndGlobalSection
EndGlobal
